// !$*UTF8*$!
{
	archiveVersion = 1;
	classes = {
	};
	objectVersion = 55;
	objects = {

/* Begin PBXBuildFile section */
		51B20CBFD7AA20B6D8518597 /* Pods_WeekChallenge_WeekChallengeUITests.framework in Frameworks */ = {isa = PBXBuildFile; fileRef = F59B675783D8C837E3BDD0D3 /* Pods_WeekChallenge_WeekChallengeUITests.framework */; };
		849E908727EDF80500D870D7 /* PlanModel.swift in Sources */ = {isa = PBXBuildFile; fileRef = 849E908627EDF80500D870D7 /* PlanModel.swift */; };
		849E908927EDF83800D870D7 /* PlanViewModel.swift in Sources */ = {isa = PBXBuildFile; fileRef = 849E908827EDF83800D870D7 /* PlanViewModel.swift */; };
		849E908B27EDFA8300D870D7 /* PDetailModel.swift in Sources */ = {isa = PBXBuildFile; fileRef = 849E908A27EDFA8300D870D7 /* PDetailModel.swift */; };
		849E908D27EDFAC200D870D7 /* PDetailViewModel.swift in Sources */ = {isa = PBXBuildFile; fileRef = 849E908C27EDFAC200D870D7 /* PDetailViewModel.swift */; };
		84B88BF927EF45660075A697 /* TotalModel.swift in Sources */ = {isa = PBXBuildFile; fileRef = 84B88BF827EF45660075A697 /* TotalModel.swift */; };
		84B88BFB27EF46B20075A697 /* TotalViewModel.swift in Sources */ = {isa = PBXBuildFile; fileRef = 84B88BFA27EF46B20075A697 /* TotalViewModel.swift */; };
		BC272F67B33BC0A411DA9079 /* Pods_WeekChallengeTests.framework in Frameworks */ = {isa = PBXBuildFile; fileRef = 078F2084C898E852ACD84817 /* Pods_WeekChallengeTests.framework */; };
		E601BE3D27DB208900BFF7BD /* HomeProfile.swift in Sources */ = {isa = PBXBuildFile; fileRef = E601BE3C27DB208900BFF7BD /* HomeProfile.swift */; };
		E601BE4127E0100000BFF7BD /* ProfileVC.swift in Sources */ = {isa = PBXBuildFile; fileRef = E601BE4027E0100000BFF7BD /* ProfileVC.swift */; };
		E601BE4327E0102000BFF7BD /* AccountVC.swift in Sources */ = {isa = PBXBuildFile; fileRef = E601BE4227E0102000BFF7BD /* AccountVC.swift */; };
		E601BE4527E0103900BFF7BD /* LogOutVC.swift in Sources */ = {isa = PBXBuildFile; fileRef = E601BE4427E0103900BFF7BD /* LogOutVC.swift */; };
		E601BE4727E0104400BFF7BD /* RemoveVC.swift in Sources */ = {isa = PBXBuildFile; fileRef = E601BE4627E0104400BFF7BD /* RemoveVC.swift */; };
		E601BE4A27E02A1C00BFF7BD /* ChangeUserNameVC.swift in Sources */ = {isa = PBXBuildFile; fileRef = E601BE4927E02A1C00BFF7BD /* ChangeUserNameVC.swift */; };
		E60DA3BA27D0B20D001DC914 /* SearchVC.swift in Sources */ = {isa = PBXBuildFile; fileRef = E60DA3B927D0B20D001DC914 /* SearchVC.swift */; };
		E60DA3BC27D1FFAF001DC914 /* ConnectService.swift in Sources */ = {isa = PBXBuildFile; fileRef = E60DA3BB27D1FFAF001DC914 /* ConnectService.swift */; };
		E60DA3C027D988C2001DC914 /* HomeVC.swift in Sources */ = {isa = PBXBuildFile; fileRef = E60DA3BF27D988C2001DC914 /* HomeVC.swift */; };
		E60DA3C227D9CA34001DC914 /* SelectCalendarVC.swift in Sources */ = {isa = PBXBuildFile; fileRef = E60DA3C127D9CA34001DC914 /* SelectCalendarVC.swift */; };
		E6584F5027B33DFD00B58FCB /* AppDelegate.swift in Sources */ = {isa = PBXBuildFile; fileRef = E6584F4F27B33DFD00B58FCB /* AppDelegate.swift */; };
		E6584F5227B33DFD00B58FCB /* SceneDelegate.swift in Sources */ = {isa = PBXBuildFile; fileRef = E6584F5127B33DFD00B58FCB /* SceneDelegate.swift */; };
		E6584F5727B33DFD00B58FCB /* Main.storyboard in Resources */ = {isa = PBXBuildFile; fileRef = E6584F5527B33DFD00B58FCB /* Main.storyboard */; };
		E6584F5927B33DFF00B58FCB /* Assets.xcassets in Resources */ = {isa = PBXBuildFile; fileRef = E6584F5827B33DFF00B58FCB /* Assets.xcassets */; };
		E6584F5C27B33DFF00B58FCB /* LaunchScreen.storyboard in Resources */ = {isa = PBXBuildFile; fileRef = E6584F5A27B33DFF00B58FCB /* LaunchScreen.storyboard */; };
		E6584F6727B33E0000B58FCB /* WeekChallengeTests.swift in Sources */ = {isa = PBXBuildFile; fileRef = E6584F6627B33E0000B58FCB /* WeekChallengeTests.swift */; };
		E6584F7127B33E0000B58FCB /* WeekChallengeUITests.swift in Sources */ = {isa = PBXBuildFile; fileRef = E6584F7027B33E0000B58FCB /* WeekChallengeUITests.swift */; };
		E6584F7327B33E0000B58FCB /* WeekChallengeUITestsLaunchTests.swift in Sources */ = {isa = PBXBuildFile; fileRef = E6584F7227B33E0000B58FCB /* WeekChallengeUITestsLaunchTests.swift */; };
		E6584F8B27B341A400B58FCB /* LoginVC.swift in Sources */ = {isa = PBXBuildFile; fileRef = E6584F8A27B341A400B58FCB /* LoginVC.swift */; };
		E6584F8F27B3434F00B58FCB /* SignInVC.swift in Sources */ = {isa = PBXBuildFile; fileRef = E6584F8E27B3434F00B58FCB /* SignInVC.swift */; };
		E661441227B386C50000CEA7 /* AuthService.swift in Sources */ = {isa = PBXBuildFile; fileRef = E661441127B386C50000CEA7 /* AuthService.swift */; };
		E66495A427BC97B8000110C9 /* ChangePWD.swift in Sources */ = {isa = PBXBuildFile; fileRef = E66495A327BC97B8000110C9 /* ChangePWD.swift */; };
		E667FCB827BA1841009AEFE0 /* AlertService.swift in Sources */ = {isa = PBXBuildFile; fileRef = E667FCB727BA1841009AEFE0 /* AlertService.swift */; };
		E6853F9D27B49B2A0091B4A7 /* GoogleService-Info.plist in Resources */ = {isa = PBXBuildFile; fileRef = E6853F9C27B49B2A0091B4A7 /* GoogleService-Info.plist */; };
		E6853F9F27B4A26E0091B4A7 /* MainVC.swift in Sources */ = {isa = PBXBuildFile; fileRef = E6853F9E27B4A26E0091B4A7 /* MainVC.swift */; };
		E6A0086527C60CB600AB8D2D /* WriteVC.swift in Sources */ = {isa = PBXBuildFile; fileRef = E6A0086427C60CB600AB8D2D /* WriteVC.swift */; };
		E6C734EC27DACE7F00A0CC4B /* CreateVC.swift in Sources */ = {isa = PBXBuildFile; fileRef = E6C734EB27DACE7F00A0CC4B /* CreateVC.swift */; };
		E6C734F327DB046300A0CC4B /* RunningVC.swift in Sources */ = {isa = PBXBuildFile; fileRef = E6C734F227DB046300A0CC4B /* RunningVC.swift */; };
		E6C734F527DB046F00A0CC4B /* CompleteVC.swift in Sources */ = {isa = PBXBuildFile; fileRef = E6C734F427DB046F00A0CC4B /* CompleteVC.swift */; };
		E6D2C72227EA9FD400CB9E0F /* LayoutService.swift in Sources */ = {isa = PBXBuildFile; fileRef = E6D2C72127EA9FD400CB9E0F /* LayoutService.swift */; };
		E6D2C72427EAAAFE00CB9E0F /* DataService.swift in Sources */ = {isa = PBXBuildFile; fileRef = E6D2C72327EAAAFE00CB9E0F /* DataService.swift */; };
		E6D2C73427EBEC9700CB9E0F /* ContributeView.swift in Sources */ = {isa = PBXBuildFile; fileRef = E6D2C73327EBEC9700CB9E0F /* ContributeView.swift */; };
		E6D2C74227EC27C900CB9E0F /* PlanDeatilVCCell.swift in Sources */ = {isa = PBXBuildFile; fileRef = E6D2C74127EC27C900CB9E0F /* PlanDeatilVCCell.swift */; };
		E6D2C74C27EC315A00CB9E0F /* SearchCell.swift in Sources */ = {isa = PBXBuildFile; fileRef = E6D2C74B27EC315A00CB9E0F /* SearchCell.swift */; };
		E6D2C74E27EC31CE00CB9E0F /* TotalCell.swift in Sources */ = {isa = PBXBuildFile; fileRef = E6D2C74D27EC31CE00CB9E0F /* TotalCell.swift */; };
		E6D2C75627EC463C00CB9E0F /* ManageListVC.swift in Sources */ = {isa = PBXBuildFile; fileRef = E6D2C75527EC463C00CB9E0F /* ManageListVC.swift */; };
		E6D2C75827EC48EE00CB9E0F /* ManageModel.swift in Sources */ = {isa = PBXBuildFile; fileRef = E6D2C75727EC48EE00CB9E0F /* ManageModel.swift */; };
		E6D2C75A27EC492900CB9E0F /* ManageViewModel.swift in Sources */ = {isa = PBXBuildFile; fileRef = E6D2C75927EC492900CB9E0F /* ManageViewModel.swift */; };
		E6D2C76227ED88AB00CB9E0F /* DataModel.swift in Sources */ = {isa = PBXBuildFile; fileRef = E6D2C76127ED88AB00CB9E0F /* DataModel.swift */; };
		E6D2C76427ED88C300CB9E0F /* DataViewModel.swift in Sources */ = {isa = PBXBuildFile; fileRef = E6D2C76327ED88C300CB9E0F /* DataViewModel.swift */; };
		E6D2C76627ED8AA600CB9E0F /* CountModel.swift in Sources */ = {isa = PBXBuildFile; fileRef = E6D2C76527ED8AA600CB9E0F /* CountModel.swift */; };
		E6D2C76827ED8AE500CB9E0F /* CountViewModel.swift in Sources */ = {isa = PBXBuildFile; fileRef = E6D2C76727ED8AE500CB9E0F /* CountViewModel.swift */; };
		E6D2C76B27ED960900CB9E0F /* HomeCell.swift in Sources */ = {isa = PBXBuildFile; fileRef = E6D2C76A27ED960900CB9E0F /* HomeCell.swift */; };
		E6D2C76D27ED987A00CB9E0F /* UserModel.swift in Sources */ = {isa = PBXBuildFile; fileRef = E6D2C76C27ED987A00CB9E0F /* UserModel.swift */; };
		E6D2C76F27ED98C400CB9E0F /* UserViewModel.swift in Sources */ = {isa = PBXBuildFile; fileRef = E6D2C76E27ED98C400CB9E0F /* UserViewModel.swift */; };
		E6D2C77127EDA40900CB9E0F /* RCSViewModel.swift in Sources */ = {isa = PBXBuildFile; fileRef = E6D2C77027EDA40900CB9E0F /* RCSViewModel.swift */; };
		E6D2C77327EDAACF00CB9E0F /* RSCModel.swift in Sources */ = {isa = PBXBuildFile; fileRef = E6D2C77227EDAACF00CB9E0F /* RSCModel.swift */; };
		E6D2C77727F16A6D00CB9E0F /* SettingVC.swift in Sources */ = {isa = PBXBuildFile; fileRef = E6D2C77627F16A6D00CB9E0F /* SettingVC.swift */; };
		E6D2C77927F1897800CB9E0F /* SettingModel.swift in Sources */ = {isa = PBXBuildFile; fileRef = E6D2C77827F1897800CB9E0F /* SettingModel.swift */; };
		E6D2C77B27F1899900CB9E0F /* SettingViewModel.swift in Sources */ = {isa = PBXBuildFile; fileRef = E6D2C77A27F1899900CB9E0F /* SettingViewModel.swift */; };
		E6D2C77E27F189D300CB9E0F /* SettingCell.swift in Sources */ = {isa = PBXBuildFile; fileRef = E6D2C77D27F189D300CB9E0F /* SettingCell.swift */; };
		E6E0A4F427E1B81E00718EA2 /* PlanVC.swift in Sources */ = {isa = PBXBuildFile; fileRef = E6E0A4F327E1B81E00718EA2 /* PlanVC.swift */; };
		E6E0A4F927E2C83E00718EA2 /* PlanDetailVC.swift in Sources */ = {isa = PBXBuildFile; fileRef = E6E0A4F827E2C83E00718EA2 /* PlanDetailVC.swift */; };
		E6E0A4FB27E2C92D00718EA2 /* PlanVCCell.swift in Sources */ = {isa = PBXBuildFile; fileRef = E6E0A4FA27E2C92D00718EA2 /* PlanVCCell.swift */; };
		E6E0A4FD27E2CB9600718EA2 /* AnimationController.swift in Sources */ = {isa = PBXBuildFile; fileRef = E6E0A4FC27E2CB9600718EA2 /* AnimationController.swift */; };
		E6E0A50027E426C300718EA2 /* Dummy.swift in Sources */ = {isa = PBXBuildFile; fileRef = E6E0A4FF27E426C300718EA2 /* Dummy.swift */; };
		E6E0A50227E43F0C00718EA2 /* TotalVC.swift in Sources */ = {isa = PBXBuildFile; fileRef = E6E0A50127E43F0C00718EA2 /* TotalVC.swift */; };
		EE355B8C15BDE0BC84AB3B75 /* Pods_WeekChallenge.framework in Frameworks */ = {isa = PBXBuildFile; fileRef = C1A38C0569EB00E26AE27D4C /* Pods_WeekChallenge.framework */; };
/* End PBXBuildFile section */

/* Begin PBXContainerItemProxy section */
		E6584F6327B33E0000B58FCB /* PBXContainerItemProxy */ = {
			isa = PBXContainerItemProxy;
			containerPortal = E6584F4427B33DFD00B58FCB /* Project object */;
			proxyType = 1;
			remoteGlobalIDString = E6584F4B27B33DFD00B58FCB;
			remoteInfo = WeekChallenge;
		};
		E6584F6D27B33E0000B58FCB /* PBXContainerItemProxy */ = {
			isa = PBXContainerItemProxy;
			containerPortal = E6584F4427B33DFD00B58FCB /* Project object */;
			proxyType = 1;
			remoteGlobalIDString = E6584F4B27B33DFD00B58FCB;
			remoteInfo = WeekChallenge;
		};
/* End PBXContainerItemProxy section */

/* Begin PBXFileReference section */
		078F2084C898E852ACD84817 /* Pods_WeekChallengeTests.framework */ = {isa = PBXFileReference; explicitFileType = wrapper.framework; includeInIndex = 0; path = Pods_WeekChallengeTests.framework; sourceTree = BUILT_PRODUCTS_DIR; };
		0DFABF07FBA13EB31626F076 /* Pods-WeekChallenge.debug.xcconfig */ = {isa = PBXFileReference; includeInIndex = 1; lastKnownFileType = text.xcconfig; name = "Pods-WeekChallenge.debug.xcconfig"; path = "Target Support Files/Pods-WeekChallenge/Pods-WeekChallenge.debug.xcconfig"; sourceTree = "<group>"; };
		12257E83CA1EACD906B0C232 /* Pods-WeekChallenge-WeekChallengeUITests.debug.xcconfig */ = {isa = PBXFileReference; includeInIndex = 1; lastKnownFileType = text.xcconfig; name = "Pods-WeekChallenge-WeekChallengeUITests.debug.xcconfig"; path = "Target Support Files/Pods-WeekChallenge-WeekChallengeUITests/Pods-WeekChallenge-WeekChallengeUITests.debug.xcconfig"; sourceTree = "<group>"; };
		14B12AC2C8F5BDCD4F890832 /* Pods-WeekChallengeTests.debug.xcconfig */ = {isa = PBXFileReference; includeInIndex = 1; lastKnownFileType = text.xcconfig; name = "Pods-WeekChallengeTests.debug.xcconfig"; path = "Target Support Files/Pods-WeekChallengeTests/Pods-WeekChallengeTests.debug.xcconfig"; sourceTree = "<group>"; };
		14B85DD4B1DDEC29EA62A758 /* Pods-WeekChallenge-WeekChallengeUITests.release.xcconfig */ = {isa = PBXFileReference; includeInIndex = 1; lastKnownFileType = text.xcconfig; name = "Pods-WeekChallenge-WeekChallengeUITests.release.xcconfig"; path = "Target Support Files/Pods-WeekChallenge-WeekChallengeUITests/Pods-WeekChallenge-WeekChallengeUITests.release.xcconfig"; sourceTree = "<group>"; };
		75B8F4125546486967388888 /* Pods-WeekChallenge.release.xcconfig */ = {isa = PBXFileReference; includeInIndex = 1; lastKnownFileType = text.xcconfig; name = "Pods-WeekChallenge.release.xcconfig"; path = "Target Support Files/Pods-WeekChallenge/Pods-WeekChallenge.release.xcconfig"; sourceTree = "<group>"; };
		845E680327B3E89200EC0EBF /* Poppins-Bold.ttf */ = {isa = PBXFileReference; lastKnownFileType = file; path = "Poppins-Bold.ttf"; sourceTree = "<group>"; };
		845E680427B3E89200EC0EBF /* Poppins-ExtraLightItalic.ttf */ = {isa = PBXFileReference; lastKnownFileType = file; path = "Poppins-ExtraLightItalic.ttf"; sourceTree = "<group>"; };
		845E680527B3E89200EC0EBF /* Poppins-MediumItalic.ttf */ = {isa = PBXFileReference; lastKnownFileType = file; path = "Poppins-MediumItalic.ttf"; sourceTree = "<group>"; };
		845E680627B3E89200EC0EBF /* Poppins-ThinItalic.ttf */ = {isa = PBXFileReference; lastKnownFileType = file; path = "Poppins-ThinItalic.ttf"; sourceTree = "<group>"; };
		845E680727B3E89200EC0EBF /* Poppins-Italic.ttf */ = {isa = PBXFileReference; lastKnownFileType = file; path = "Poppins-Italic.ttf"; sourceTree = "<group>"; };
		845E680827B3E89200EC0EBF /* Poppins-ExtraBold.ttf */ = {isa = PBXFileReference; lastKnownFileType = file; path = "Poppins-ExtraBold.ttf"; sourceTree = "<group>"; };
		845E680927B3E89200EC0EBF /* Poppins-Medium.ttf */ = {isa = PBXFileReference; lastKnownFileType = file; path = "Poppins-Medium.ttf"; sourceTree = "<group>"; };
		845E680A27B3E89300EC0EBF /* Poppins-Black.ttf */ = {isa = PBXFileReference; lastKnownFileType = file; path = "Poppins-Black.ttf"; sourceTree = "<group>"; };
		845E680B27B3E89300EC0EBF /* Poppins-Light.ttf */ = {isa = PBXFileReference; lastKnownFileType = file; path = "Poppins-Light.ttf"; sourceTree = "<group>"; };
		845E680C27B3E89300EC0EBF /* Poppins-ExtraLight.ttf */ = {isa = PBXFileReference; lastKnownFileType = file; path = "Poppins-ExtraLight.ttf"; sourceTree = "<group>"; };
		845E680D27B3E89300EC0EBF /* Poppins-ExtraBoldItalic.ttf */ = {isa = PBXFileReference; lastKnownFileType = file; path = "Poppins-ExtraBoldItalic.ttf"; sourceTree = "<group>"; };
		845E680E27B3E89300EC0EBF /* Poppins-BoldItalic.ttf */ = {isa = PBXFileReference; lastKnownFileType = file; path = "Poppins-BoldItalic.ttf"; sourceTree = "<group>"; };
		845E680F27B3E89300EC0EBF /* Poppins-Regular.ttf */ = {isa = PBXFileReference; lastKnownFileType = file; path = "Poppins-Regular.ttf"; sourceTree = "<group>"; };
		845E681027B3E89300EC0EBF /* Poppins-BlackItalic.ttf */ = {isa = PBXFileReference; lastKnownFileType = file; path = "Poppins-BlackItalic.ttf"; sourceTree = "<group>"; };
		845E681127B3E89300EC0EBF /* Poppins-SemiBold.ttf */ = {isa = PBXFileReference; lastKnownFileType = file; path = "Poppins-SemiBold.ttf"; sourceTree = "<group>"; };
		845E681227B3E89300EC0EBF /* Poppins-Thin.ttf */ = {isa = PBXFileReference; lastKnownFileType = file; path = "Poppins-Thin.ttf"; sourceTree = "<group>"; };
		845E681327B3E89300EC0EBF /* Poppins-LightItalic.ttf */ = {isa = PBXFileReference; lastKnownFileType = file; path = "Poppins-LightItalic.ttf"; sourceTree = "<group>"; };
		845E681427B3E89300EC0EBF /* Poppins-SemiBoldItalic.ttf */ = {isa = PBXFileReference; lastKnownFileType = file; path = "Poppins-SemiBoldItalic.ttf"; sourceTree = "<group>"; };
		849E908627EDF80500D870D7 /* PlanModel.swift */ = {isa = PBXFileReference; lastKnownFileType = sourcecode.swift; path = PlanModel.swift; sourceTree = "<group>"; };
		849E908827EDF83800D870D7 /* PlanViewModel.swift */ = {isa = PBXFileReference; lastKnownFileType = sourcecode.swift; path = PlanViewModel.swift; sourceTree = "<group>"; };
		849E908A27EDFA8300D870D7 /* PDetailModel.swift */ = {isa = PBXFileReference; lastKnownFileType = sourcecode.swift; path = PDetailModel.swift; sourceTree = "<group>"; };
		849E908C27EDFAC200D870D7 /* PDetailViewModel.swift */ = {isa = PBXFileReference; lastKnownFileType = sourcecode.swift; path = PDetailViewModel.swift; sourceTree = "<group>"; };
		84B88BF827EF45660075A697 /* TotalModel.swift */ = {isa = PBXFileReference; lastKnownFileType = sourcecode.swift; path = TotalModel.swift; sourceTree = "<group>"; };
		84B88BFA27EF46B20075A697 /* TotalViewModel.swift */ = {isa = PBXFileReference; lastKnownFileType = sourcecode.swift; path = TotalViewModel.swift; sourceTree = "<group>"; };
		C1A38C0569EB00E26AE27D4C /* Pods_WeekChallenge.framework */ = {isa = PBXFileReference; explicitFileType = wrapper.framework; includeInIndex = 0; path = Pods_WeekChallenge.framework; sourceTree = BUILT_PRODUCTS_DIR; };
		CC1139D3E189C2F9B204B04B /* Pods-WeekChallengeTests.release.xcconfig */ = {isa = PBXFileReference; includeInIndex = 1; lastKnownFileType = text.xcconfig; name = "Pods-WeekChallengeTests.release.xcconfig"; path = "Target Support Files/Pods-WeekChallengeTests/Pods-WeekChallengeTests.release.xcconfig"; sourceTree = "<group>"; };
		E601BE3C27DB208900BFF7BD /* HomeProfile.swift */ = {isa = PBXFileReference; lastKnownFileType = sourcecode.swift; path = HomeProfile.swift; sourceTree = "<group>"; };
		E601BE4027E0100000BFF7BD /* ProfileVC.swift */ = {isa = PBXFileReference; lastKnownFileType = sourcecode.swift; path = ProfileVC.swift; sourceTree = "<group>"; };
		E601BE4227E0102000BFF7BD /* AccountVC.swift */ = {isa = PBXFileReference; lastKnownFileType = sourcecode.swift; path = AccountVC.swift; sourceTree = "<group>"; };
		E601BE4427E0103900BFF7BD /* LogOutVC.swift */ = {isa = PBXFileReference; lastKnownFileType = sourcecode.swift; path = LogOutVC.swift; sourceTree = "<group>"; };
		E601BE4627E0104400BFF7BD /* RemoveVC.swift */ = {isa = PBXFileReference; lastKnownFileType = sourcecode.swift; path = RemoveVC.swift; sourceTree = "<group>"; };
		E601BE4927E02A1C00BFF7BD /* ChangeUserNameVC.swift */ = {isa = PBXFileReference; lastKnownFileType = sourcecode.swift; path = ChangeUserNameVC.swift; sourceTree = "<group>"; };
		E60DA3B927D0B20D001DC914 /* SearchVC.swift */ = {isa = PBXFileReference; lastKnownFileType = sourcecode.swift; path = SearchVC.swift; sourceTree = "<group>"; };
		E60DA3BB27D1FFAF001DC914 /* ConnectService.swift */ = {isa = PBXFileReference; lastKnownFileType = sourcecode.swift; path = ConnectService.swift; sourceTree = "<group>"; };
		E60DA3BF27D988C2001DC914 /* HomeVC.swift */ = {isa = PBXFileReference; lastKnownFileType = sourcecode.swift; path = HomeVC.swift; sourceTree = "<group>"; };
		E60DA3C127D9CA34001DC914 /* SelectCalendarVC.swift */ = {isa = PBXFileReference; lastKnownFileType = sourcecode.swift; path = SelectCalendarVC.swift; sourceTree = "<group>"; };
		E6584F4C27B33DFD00B58FCB /* WeekChallenge.app */ = {isa = PBXFileReference; explicitFileType = wrapper.application; includeInIndex = 0; path = WeekChallenge.app; sourceTree = BUILT_PRODUCTS_DIR; };
		E6584F4F27B33DFD00B58FCB /* AppDelegate.swift */ = {isa = PBXFileReference; lastKnownFileType = sourcecode.swift; path = AppDelegate.swift; sourceTree = "<group>"; };
		E6584F5127B33DFD00B58FCB /* SceneDelegate.swift */ = {isa = PBXFileReference; lastKnownFileType = sourcecode.swift; path = SceneDelegate.swift; sourceTree = "<group>"; };
		E6584F5627B33DFD00B58FCB /* Base */ = {isa = PBXFileReference; lastKnownFileType = file.storyboard; name = Base; path = Base.lproj/Main.storyboard; sourceTree = "<group>"; };
		E6584F5827B33DFF00B58FCB /* Assets.xcassets */ = {isa = PBXFileReference; lastKnownFileType = folder.assetcatalog; path = Assets.xcassets; sourceTree = "<group>"; };
		E6584F5B27B33DFF00B58FCB /* Base */ = {isa = PBXFileReference; lastKnownFileType = file.storyboard; name = Base; path = Base.lproj/LaunchScreen.storyboard; sourceTree = "<group>"; };
		E6584F5D27B33DFF00B58FCB /* Info.plist */ = {isa = PBXFileReference; lastKnownFileType = text.plist.xml; path = Info.plist; sourceTree = "<group>"; };
		E6584F6227B33E0000B58FCB /* WeekChallengeTests.xctest */ = {isa = PBXFileReference; explicitFileType = wrapper.cfbundle; includeInIndex = 0; path = WeekChallengeTests.xctest; sourceTree = BUILT_PRODUCTS_DIR; };
		E6584F6627B33E0000B58FCB /* WeekChallengeTests.swift */ = {isa = PBXFileReference; lastKnownFileType = sourcecode.swift; path = WeekChallengeTests.swift; sourceTree = "<group>"; };
		E6584F6C27B33E0000B58FCB /* WeekChallengeUITests.xctest */ = {isa = PBXFileReference; explicitFileType = wrapper.cfbundle; includeInIndex = 0; path = WeekChallengeUITests.xctest; sourceTree = BUILT_PRODUCTS_DIR; };
		E6584F7027B33E0000B58FCB /* WeekChallengeUITests.swift */ = {isa = PBXFileReference; lastKnownFileType = sourcecode.swift; path = WeekChallengeUITests.swift; sourceTree = "<group>"; };
		E6584F7227B33E0000B58FCB /* WeekChallengeUITestsLaunchTests.swift */ = {isa = PBXFileReference; lastKnownFileType = sourcecode.swift; path = WeekChallengeUITestsLaunchTests.swift; sourceTree = "<group>"; };
		E6584F8A27B341A400B58FCB /* LoginVC.swift */ = {isa = PBXFileReference; lastKnownFileType = sourcecode.swift; path = LoginVC.swift; sourceTree = "<group>"; };
		E6584F8E27B3434F00B58FCB /* SignInVC.swift */ = {isa = PBXFileReference; lastKnownFileType = sourcecode.swift; path = SignInVC.swift; sourceTree = "<group>"; };
		E661441127B386C50000CEA7 /* AuthService.swift */ = {isa = PBXFileReference; lastKnownFileType = sourcecode.swift; path = AuthService.swift; sourceTree = "<group>"; };
		E66495A327BC97B8000110C9 /* ChangePWD.swift */ = {isa = PBXFileReference; lastKnownFileType = sourcecode.swift; path = ChangePWD.swift; sourceTree = "<group>"; };
		E667FCB727BA1841009AEFE0 /* AlertService.swift */ = {isa = PBXFileReference; lastKnownFileType = sourcecode.swift; path = AlertService.swift; sourceTree = "<group>"; };
		E6853F9C27B49B2A0091B4A7 /* GoogleService-Info.plist */ = {isa = PBXFileReference; fileEncoding = 4; lastKnownFileType = text.plist.xml; path = "GoogleService-Info.plist"; sourceTree = "<group>"; };
		E6853F9E27B4A26E0091B4A7 /* MainVC.swift */ = {isa = PBXFileReference; lastKnownFileType = sourcecode.swift; path = MainVC.swift; sourceTree = "<group>"; };
		E6A0086427C60CB600AB8D2D /* WriteVC.swift */ = {isa = PBXFileReference; lastKnownFileType = sourcecode.swift; path = WriteVC.swift; sourceTree = "<group>"; };
		E6C734EB27DACE7F00A0CC4B /* CreateVC.swift */ = {isa = PBXFileReference; lastKnownFileType = sourcecode.swift; path = CreateVC.swift; sourceTree = "<group>"; };
		E6C734F227DB046300A0CC4B /* RunningVC.swift */ = {isa = PBXFileReference; lastKnownFileType = sourcecode.swift; path = RunningVC.swift; sourceTree = "<group>"; };
		E6C734F427DB046F00A0CC4B /* CompleteVC.swift */ = {isa = PBXFileReference; lastKnownFileType = sourcecode.swift; path = CompleteVC.swift; sourceTree = "<group>"; };
		E6D2C72127EA9FD400CB9E0F /* LayoutService.swift */ = {isa = PBXFileReference; lastKnownFileType = sourcecode.swift; path = LayoutService.swift; sourceTree = "<group>"; };
		E6D2C72327EAAAFE00CB9E0F /* DataService.swift */ = {isa = PBXFileReference; lastKnownFileType = sourcecode.swift; path = DataService.swift; sourceTree = "<group>"; };
		E6D2C73327EBEC9700CB9E0F /* ContributeView.swift */ = {isa = PBXFileReference; lastKnownFileType = sourcecode.swift; path = ContributeView.swift; sourceTree = "<group>"; };
		E6D2C74127EC27C900CB9E0F /* PlanDeatilVCCell.swift */ = {isa = PBXFileReference; lastKnownFileType = sourcecode.swift; path = PlanDeatilVCCell.swift; sourceTree = "<group>"; };
		E6D2C74B27EC315A00CB9E0F /* SearchCell.swift */ = {isa = PBXFileReference; lastKnownFileType = sourcecode.swift; path = SearchCell.swift; sourceTree = "<group>"; };
		E6D2C74D27EC31CE00CB9E0F /* TotalCell.swift */ = {isa = PBXFileReference; lastKnownFileType = sourcecode.swift; path = TotalCell.swift; sourceTree = "<group>"; };
		E6D2C75527EC463C00CB9E0F /* ManageListVC.swift */ = {isa = PBXFileReference; lastKnownFileType = sourcecode.swift; path = ManageListVC.swift; sourceTree = "<group>"; };
		E6D2C75727EC48EE00CB9E0F /* ManageModel.swift */ = {isa = PBXFileReference; lastKnownFileType = sourcecode.swift; path = ManageModel.swift; sourceTree = "<group>"; };
		E6D2C75927EC492900CB9E0F /* ManageViewModel.swift */ = {isa = PBXFileReference; lastKnownFileType = sourcecode.swift; path = ManageViewModel.swift; sourceTree = "<group>"; };
		E6D2C76127ED88AB00CB9E0F /* DataModel.swift */ = {isa = PBXFileReference; lastKnownFileType = sourcecode.swift; path = DataModel.swift; sourceTree = "<group>"; };
		E6D2C76327ED88C300CB9E0F /* DataViewModel.swift */ = {isa = PBXFileReference; lastKnownFileType = sourcecode.swift; path = DataViewModel.swift; sourceTree = "<group>"; };
		E6D2C76527ED8AA600CB9E0F /* CountModel.swift */ = {isa = PBXFileReference; lastKnownFileType = sourcecode.swift; path = CountModel.swift; sourceTree = "<group>"; };
		E6D2C76727ED8AE500CB9E0F /* CountViewModel.swift */ = {isa = PBXFileReference; lastKnownFileType = sourcecode.swift; path = CountViewModel.swift; sourceTree = "<group>"; };
		E6D2C76A27ED960900CB9E0F /* HomeCell.swift */ = {isa = PBXFileReference; lastKnownFileType = sourcecode.swift; path = HomeCell.swift; sourceTree = "<group>"; };
		E6D2C76C27ED987A00CB9E0F /* UserModel.swift */ = {isa = PBXFileReference; lastKnownFileType = sourcecode.swift; path = UserModel.swift; sourceTree = "<group>"; };
		E6D2C76E27ED98C400CB9E0F /* UserViewModel.swift */ = {isa = PBXFileReference; lastKnownFileType = sourcecode.swift; path = UserViewModel.swift; sourceTree = "<group>"; };
		E6D2C77027EDA40900CB9E0F /* RCSViewModel.swift */ = {isa = PBXFileReference; lastKnownFileType = sourcecode.swift; path = RCSViewModel.swift; sourceTree = "<group>"; };
		E6D2C77227EDAACF00CB9E0F /* RSCModel.swift */ = {isa = PBXFileReference; lastKnownFileType = sourcecode.swift; path = RSCModel.swift; sourceTree = "<group>"; };
		E6D2C77627F16A6D00CB9E0F /* SettingVC.swift */ = {isa = PBXFileReference; lastKnownFileType = sourcecode.swift; path = SettingVC.swift; sourceTree = "<group>"; };
		E6D2C77827F1897800CB9E0F /* SettingModel.swift */ = {isa = PBXFileReference; lastKnownFileType = sourcecode.swift; path = SettingModel.swift; sourceTree = "<group>"; };
		E6D2C77A27F1899900CB9E0F /* SettingViewModel.swift */ = {isa = PBXFileReference; lastKnownFileType = sourcecode.swift; path = SettingViewModel.swift; sourceTree = "<group>"; };
		E6D2C77D27F189D300CB9E0F /* SettingCell.swift */ = {isa = PBXFileReference; lastKnownFileType = sourcecode.swift; path = SettingCell.swift; sourceTree = "<group>"; };
		E6E0A4F327E1B81E00718EA2 /* PlanVC.swift */ = {isa = PBXFileReference; lastKnownFileType = sourcecode.swift; path = PlanVC.swift; sourceTree = "<group>"; };
		E6E0A4F827E2C83E00718EA2 /* PlanDetailVC.swift */ = {isa = PBXFileReference; lastKnownFileType = sourcecode.swift; path = PlanDetailVC.swift; sourceTree = "<group>"; };
		E6E0A4FA27E2C92D00718EA2 /* PlanVCCell.swift */ = {isa = PBXFileReference; lastKnownFileType = sourcecode.swift; path = PlanVCCell.swift; sourceTree = "<group>"; };
		E6E0A4FC27E2CB9600718EA2 /* AnimationController.swift */ = {isa = PBXFileReference; lastKnownFileType = sourcecode.swift; path = AnimationController.swift; sourceTree = "<group>"; };
		E6E0A4FF27E426C300718EA2 /* Dummy.swift */ = {isa = PBXFileReference; lastKnownFileType = sourcecode.swift; path = Dummy.swift; sourceTree = "<group>"; };
		E6E0A50127E43F0C00718EA2 /* TotalVC.swift */ = {isa = PBXFileReference; lastKnownFileType = sourcecode.swift; path = TotalVC.swift; sourceTree = "<group>"; };
		F59B675783D8C837E3BDD0D3 /* Pods_WeekChallenge_WeekChallengeUITests.framework */ = {isa = PBXFileReference; explicitFileType = wrapper.framework; includeInIndex = 0; path = Pods_WeekChallenge_WeekChallengeUITests.framework; sourceTree = BUILT_PRODUCTS_DIR; };
/* End PBXFileReference section */

/* Begin PBXFrameworksBuildPhase section */
		E6584F4927B33DFD00B58FCB /* Frameworks */ = {
			isa = PBXFrameworksBuildPhase;
			buildActionMask = 2147483647;
			files = (
				EE355B8C15BDE0BC84AB3B75 /* Pods_WeekChallenge.framework in Frameworks */,
			);
			runOnlyForDeploymentPostprocessing = 0;
		};
		E6584F5F27B33E0000B58FCB /* Frameworks */ = {
			isa = PBXFrameworksBuildPhase;
			buildActionMask = 2147483647;
			files = (
				BC272F67B33BC0A411DA9079 /* Pods_WeekChallengeTests.framework in Frameworks */,
			);
			runOnlyForDeploymentPostprocessing = 0;
		};
		E6584F6927B33E0000B58FCB /* Frameworks */ = {
			isa = PBXFrameworksBuildPhase;
			buildActionMask = 2147483647;
			files = (
				51B20CBFD7AA20B6D8518597 /* Pods_WeekChallenge_WeekChallengeUITests.framework in Frameworks */,
			);
			runOnlyForDeploymentPostprocessing = 0;
		};
/* End PBXFrameworksBuildPhase section */

/* Begin PBXGroup section */
		3645D8DC9AFB6D51D473C085 /* Pods */ = {
			isa = PBXGroup;
			children = (
				0DFABF07FBA13EB31626F076 /* Pods-WeekChallenge.debug.xcconfig */,
				75B8F4125546486967388888 /* Pods-WeekChallenge.release.xcconfig */,
				12257E83CA1EACD906B0C232 /* Pods-WeekChallenge-WeekChallengeUITests.debug.xcconfig */,
				14B85DD4B1DDEC29EA62A758 /* Pods-WeekChallenge-WeekChallengeUITests.release.xcconfig */,
				14B12AC2C8F5BDCD4F890832 /* Pods-WeekChallengeTests.debug.xcconfig */,
				CC1139D3E189C2F9B204B04B /* Pods-WeekChallengeTests.release.xcconfig */,
			);
			path = Pods;
			sourceTree = "<group>";
		};
		E601BE4827E025CE00BFF7BD /* Account */ = {
			isa = PBXGroup;
			children = (
				E601BE4227E0102000BFF7BD /* AccountVC.swift */,
				E601BE4927E02A1C00BFF7BD /* ChangeUserNameVC.swift */,
				E66495A327BC97B8000110C9 /* ChangePWD.swift */,
			);
			path = Account;
			sourceTree = "<group>";
		};
		E6584F4327B33DFD00B58FCB = {
			isa = PBXGroup;
			children = (
				E6584F4E27B33DFD00B58FCB /* WeekChallenge */,
				E6584F6527B33E0000B58FCB /* WeekChallengeTests */,
				E6584F6F27B33E0000B58FCB /* WeekChallengeUITests */,
				E6584F4D27B33DFD00B58FCB /* Products */,
				3645D8DC9AFB6D51D473C085 /* Pods */,
				FC38C3071DF2CEFD7850E1DD /* Frameworks */,
			);
			sourceTree = "<group>";
		};
		E6584F4D27B33DFD00B58FCB /* Products */ = {
			isa = PBXGroup;
			children = (
				E6584F4C27B33DFD00B58FCB /* WeekChallenge.app */,
				E6584F6227B33E0000B58FCB /* WeekChallengeTests.xctest */,
				E6584F6C27B33E0000B58FCB /* WeekChallengeUITests.xctest */,
			);
			name = Products;
			sourceTree = "<group>";
		};
		E6584F4E27B33DFD00B58FCB /* WeekChallenge */ = {
			isa = PBXGroup;
			children = (
				E6853F9C27B49B2A0091B4A7 /* GoogleService-Info.plist */,
				E6584F8C27B341A800B58FCB /* Service */,
				E6584F8927B3419400B58FCB /* Model */,
				E6584F8827B3418F00B58FCB /* ViewModel */,
				E6584F8727B3418A00B58FCB /* ViewController */,
				E6853FA027B4F0DF0091B4A7 /* Cell */,
				E664959F27BC8AC0000110C9 /* StoryBoard */,
				E6584F4F27B33DFD00B58FCB /* AppDelegate.swift */,
				E6584F5127B33DFD00B58FCB /* SceneDelegate.swift */,
				E6584F5D27B33DFF00B58FCB /* Info.plist */,
				E661443027B3A4590000CEA7 /* Resource */,
			);
			path = WeekChallenge;
			sourceTree = "<group>";
		};
		E6584F6527B33E0000B58FCB /* WeekChallengeTests */ = {
			isa = PBXGroup;
			children = (
				E6584F6627B33E0000B58FCB /* WeekChallengeTests.swift */,
			);
			path = WeekChallengeTests;
			sourceTree = "<group>";
		};
		E6584F6F27B33E0000B58FCB /* WeekChallengeUITests */ = {
			isa = PBXGroup;
			children = (
				E6584F7027B33E0000B58FCB /* WeekChallengeUITests.swift */,
				E6584F7227B33E0000B58FCB /* WeekChallengeUITestsLaunchTests.swift */,
			);
			path = WeekChallengeUITests;
			sourceTree = "<group>";
		};
		E6584F8727B3418A00B58FCB /* ViewController */ = {
			isa = PBXGroup;
			children = (
				E6E0A4FE27E426B500718EA2 /* Dummy */,
				E66495A127BC8AF7000110C9 /* Login */,
				E6C734ED27DB03BA00A0CC4B /* Home */,
				E6C734EE27DB03E200A0CC4B /* Plan */,
				E6C734F027DB041F00A0CC4B /* Total */,
				E6C734EF27DB03FE00A0CC4B /* Setting */,
			);
			path = ViewController;
			sourceTree = "<group>";
		};
		E6584F8827B3418F00B58FCB /* ViewModel */ = {
			isa = PBXGroup;
			children = (
				E6D2C72927EAB0C200CB9E0F /* HomeVM */,
				E6D2C73827EBFF0500CB9E0F /* PlanVM */,
				E6D2C74727EC298600CB9E0F /* TotalVM */,
				E6D2C75227EC336C00CB9E0F /* SettingVM */,
			);
			path = ViewModel;
			sourceTree = "<group>";
		};
		E6584F8927B3419400B58FCB /* Model */ = {
			isa = PBXGroup;
			children = (
				E6D2C72A27EAEB6300CB9E0F /* HomeM */,
				E6D2C73527EBFE5200CB9E0F /* PlanM */,
				E6D2C74427EC296900CB9E0F /* TotalM */,
				E6D2C74F27EC334400CB9E0F /* SettingM */,
			);
			path = Model;
			sourceTree = "<group>";
		};
		E6584F8C27B341A800B58FCB /* Service */ = {
			isa = PBXGroup;
			children = (
				E667FCB727BA1841009AEFE0 /* AlertService.swift */,
				E6E0A4FC27E2CB9600718EA2 /* AnimationController.swift */,
				E661441127B386C50000CEA7 /* AuthService.swift */,
				E60DA3BB27D1FFAF001DC914 /* ConnectService.swift */,
				E6D2C73327EBEC9700CB9E0F /* ContributeView.swift */,
				E6D2C72327EAAAFE00CB9E0F /* DataService.swift */,
				E6D2C72127EA9FD400CB9E0F /* LayoutService.swift */,
			);
			path = Service;
			sourceTree = "<group>";
		};
		E661443027B3A4590000CEA7 /* Resource */ = {
			isa = PBXGroup;
			children = (
				E661443127B3A4800000CEA7 /* Font */,
				E6584F5827B33DFF00B58FCB /* Assets.xcassets */,
			);
			path = Resource;
			sourceTree = "<group>";
		};
		E661443127B3A4800000CEA7 /* Font */ = {
			isa = PBXGroup;
			children = (
				845E680A27B3E89300EC0EBF /* Poppins-Black.ttf */,
				845E681027B3E89300EC0EBF /* Poppins-BlackItalic.ttf */,
				845E680327B3E89200EC0EBF /* Poppins-Bold.ttf */,
				845E680E27B3E89300EC0EBF /* Poppins-BoldItalic.ttf */,
				845E680827B3E89200EC0EBF /* Poppins-ExtraBold.ttf */,
				845E680D27B3E89300EC0EBF /* Poppins-ExtraBoldItalic.ttf */,
				845E680C27B3E89300EC0EBF /* Poppins-ExtraLight.ttf */,
				845E680427B3E89200EC0EBF /* Poppins-ExtraLightItalic.ttf */,
				845E680727B3E89200EC0EBF /* Poppins-Italic.ttf */,
				845E680B27B3E89300EC0EBF /* Poppins-Light.ttf */,
				845E681327B3E89300EC0EBF /* Poppins-LightItalic.ttf */,
				845E680927B3E89200EC0EBF /* Poppins-Medium.ttf */,
				845E680527B3E89200EC0EBF /* Poppins-MediumItalic.ttf */,
				845E680F27B3E89300EC0EBF /* Poppins-Regular.ttf */,
				845E681127B3E89300EC0EBF /* Poppins-SemiBold.ttf */,
				845E681427B3E89300EC0EBF /* Poppins-SemiBoldItalic.ttf */,
				845E681227B3E89300EC0EBF /* Poppins-Thin.ttf */,
				845E680627B3E89200EC0EBF /* Poppins-ThinItalic.ttf */,
			);
			path = Font;
			sourceTree = "<group>";
		};
		E664959F27BC8AC0000110C9 /* StoryBoard */ = {
			isa = PBXGroup;
			children = (
				E6584F5527B33DFD00B58FCB /* Main.storyboard */,
				E6584F5A27B33DFF00B58FCB /* LaunchScreen.storyboard */,
			);
			path = StoryBoard;
			sourceTree = "<group>";
		};
		E66495A127BC8AF7000110C9 /* Login */ = {
			isa = PBXGroup;
			children = (
				E6584F8A27B341A400B58FCB /* LoginVC.swift */,
				E6584F8E27B3434F00B58FCB /* SignInVC.swift */,
				E6853F9E27B4A26E0091B4A7 /* MainVC.swift */,
			);
			path = Login;
			sourceTree = "<group>";
		};
		E6853FA027B4F0DF0091B4A7 /* Cell */ = {
			isa = PBXGroup;
			children = (
				E6D2C76927ED95FD00CB9E0F /* HomeCell */,
				E6D2C74327EC280600CB9E0F /* PlanCell */,
				E6D2C74A27EC314E00CB9E0F /* TotalCell */,
				E6D2C77C27F189B600CB9E0F /* SettingCell */,
			);
			path = Cell;
			sourceTree = "<group>";
		};
		E6C734ED27DB03BA00A0CC4B /* Home */ = {
			isa = PBXGroup;
			children = (
				E60DA3BF27D988C2001DC914 /* HomeVC.swift */,
				E6C734F127DB044B00A0CC4B /* Home_Sub */,
			);
			path = Home;
			sourceTree = "<group>";
		};
		E6C734EE27DB03E200A0CC4B /* Plan */ = {
			isa = PBXGroup;
			children = (
				E6E0A4F327E1B81E00718EA2 /* PlanVC.swift */,
				E6E0A4F827E2C83E00718EA2 /* PlanDetailVC.swift */,
				E6A0086427C60CB600AB8D2D /* WriteVC.swift */,
			);
			path = Plan;
			sourceTree = "<group>";
		};
		E6C734EF27DB03FE00A0CC4B /* Setting */ = {
			isa = PBXGroup;
			children = (
				E6D2C77F27F18ABF00CB9E0F /* SetiingGroup */,
				E6D2C75527EC463C00CB9E0F /* ManageListVC.swift */,
			);
			path = Setting;
			sourceTree = "<group>";
		};
		E6C734F027DB041F00A0CC4B /* Total */ = {
			isa = PBXGroup;
			children = (
				E6E0A50127E43F0C00718EA2 /* TotalVC.swift */,
				E60DA3B927D0B20D001DC914 /* SearchVC.swift */,
			);
			path = Total;
			sourceTree = "<group>";
		};
		E6C734F127DB044B00A0CC4B /* Home_Sub */ = {
			isa = PBXGroup;
			children = (
				E601BE3C27DB208900BFF7BD /* HomeProfile.swift */,
				E6C734EB27DACE7F00A0CC4B /* CreateVC.swift */,
				E6C734F227DB046300A0CC4B /* RunningVC.swift */,
				E6C734F427DB046F00A0CC4B /* CompleteVC.swift */,
				E60DA3C127D9CA34001DC914 /* SelectCalendarVC.swift */,
			);
			path = Home_Sub;
			sourceTree = "<group>";
		};
		E6D2C72927EAB0C200CB9E0F /* HomeVM */ = {
			isa = PBXGroup;
			children = (
				E6D2C76727ED8AE500CB9E0F /* CountViewModel.swift */,
				E6D2C76327ED88C300CB9E0F /* DataViewModel.swift */,
				E6D2C76E27ED98C400CB9E0F /* UserViewModel.swift */,
				E6D2C77027EDA40900CB9E0F /* RCSViewModel.swift */,
			);
			path = HomeVM;
			sourceTree = "<group>";
		};
		E6D2C72A27EAEB6300CB9E0F /* HomeM */ = {
			isa = PBXGroup;
			children = (
				E6D2C76527ED8AA600CB9E0F /* CountModel.swift */,
				E6D2C76127ED88AB00CB9E0F /* DataModel.swift */,
				E6D2C76C27ED987A00CB9E0F /* UserModel.swift */,
				E6D2C77227EDAACF00CB9E0F /* RSCModel.swift */,
			);
			path = HomeM;
			sourceTree = "<group>";
		};
		E6D2C73527EBFE5200CB9E0F /* PlanM */ = {
			isa = PBXGroup;
			children = (
				849E908627EDF80500D870D7 /* PlanModel.swift */,
				849E908A27EDFA8300D870D7 /* PDetailModel.swift */,
			);
			path = PlanM;
			sourceTree = "<group>";
		};
		E6D2C73827EBFF0500CB9E0F /* PlanVM */ = {
			isa = PBXGroup;
			children = (
				849E908827EDF83800D870D7 /* PlanViewModel.swift */,
				849E908C27EDFAC200D870D7 /* PDetailViewModel.swift */,
			);
			path = PlanVM;
			sourceTree = "<group>";
		};
		E6D2C74327EC280600CB9E0F /* PlanCell */ = {
			isa = PBXGroup;
			children = (
				E6E0A4FA27E2C92D00718EA2 /* PlanVCCell.swift */,
				E6D2C74127EC27C900CB9E0F /* PlanDeatilVCCell.swift */,
			);
			path = PlanCell;
			sourceTree = "<group>";
		};
		E6D2C74427EC296900CB9E0F /* TotalM */ = {
			isa = PBXGroup;
			children = (
				84B88BF827EF45660075A697 /* TotalModel.swift */,
			);
			path = TotalM;
			sourceTree = "<group>";
		};
		E6D2C74727EC298600CB9E0F /* TotalVM */ = {
			isa = PBXGroup;
			children = (
				84B88BFA27EF46B20075A697 /* TotalViewModel.swift */,
			);
			path = TotalVM;
			sourceTree = "<group>";
		};
		E6D2C74A27EC314E00CB9E0F /* TotalCell */ = {
			isa = PBXGroup;
			children = (
				E6D2C74D27EC31CE00CB9E0F /* TotalCell.swift */,
				E6D2C74B27EC315A00CB9E0F /* SearchCell.swift */,
			);
			path = TotalCell;
			sourceTree = "<group>";
		};
		E6D2C74F27EC334400CB9E0F /* SettingM */ = {
			isa = PBXGroup;
			children = (
				E6D2C75727EC48EE00CB9E0F /* ManageModel.swift */,
				E6D2C77827F1897800CB9E0F /* SettingModel.swift */,
			);
			path = SettingM;
			sourceTree = "<group>";
		};
		E6D2C75227EC336C00CB9E0F /* SettingVM */ = {
			isa = PBXGroup;
			children = (
				E6D2C75927EC492900CB9E0F /* ManageViewModel.swift */,
				E6D2C77A27F1899900CB9E0F /* SettingViewModel.swift */,
			);
			path = SettingVM;
			sourceTree = "<group>";
		};
		E6D2C76927ED95FD00CB9E0F /* HomeCell */ = {
			isa = PBXGroup;
			children = (
				E6D2C76A27ED960900CB9E0F /* HomeCell.swift */,
			);
			path = HomeCell;
			sourceTree = "<group>";
		};
		E6D2C77C27F189B600CB9E0F /* SettingCell */ = {
			isa = PBXGroup;
			children = (
				E6D2C77D27F189D300CB9E0F /* SettingCell.swift */,
			);
			path = SettingCell;
			sourceTree = "<group>";
		};
		E6D2C77F27F18ABF00CB9E0F /* SetiingGroup */ = {
			isa = PBXGroup;
			children = (
				E6D2C77627F16A6D00CB9E0F /* SettingVC.swift */,
				E601BE4027E0100000BFF7BD /* ProfileVC.swift */,
				E601BE4827E025CE00BFF7BD /* Account */,
				E601BE4427E0103900BFF7BD /* LogOutVC.swift */,
				E601BE4627E0104400BFF7BD /* RemoveVC.swift */,
			);
			path = SetiingGroup;
			sourceTree = "<group>";
		};
		E6E0A4FE27E426B500718EA2 /* Dummy */ = {
			isa = PBXGroup;
			children = (
				E6E0A4FF27E426C300718EA2 /* Dummy.swift */,
			);
			path = Dummy;
			sourceTree = "<group>";
		};
		FC38C3071DF2CEFD7850E1DD /* Frameworks */ = {
			isa = PBXGroup;
			children = (
				C1A38C0569EB00E26AE27D4C /* Pods_WeekChallenge.framework */,
				F59B675783D8C837E3BDD0D3 /* Pods_WeekChallenge_WeekChallengeUITests.framework */,
				078F2084C898E852ACD84817 /* Pods_WeekChallengeTests.framework */,
			);
			name = Frameworks;
			sourceTree = "<group>";
		};
/* End PBXGroup section */

/* Begin PBXNativeTarget section */
		E6584F4B27B33DFD00B58FCB /* WeekChallenge */ = {
			isa = PBXNativeTarget;
			buildConfigurationList = E6584F7627B33E0000B58FCB /* Build configuration list for PBXNativeTarget "WeekChallenge" */;
			buildPhases = (
				C970E62E002A1B0CB5C87FF0 /* [CP] Check Pods Manifest.lock */,
				E6584F4827B33DFD00B58FCB /* Sources */,
				E6584F4927B33DFD00B58FCB /* Frameworks */,
				E6584F4A27B33DFD00B58FCB /* Resources */,
				275C265018B0312A03206104 /* [CP] Embed Pods Frameworks */,
			);
			buildRules = (
			);
			dependencies = (
			);
			name = WeekChallenge;
			productName = WeekChallenge;
			productReference = E6584F4C27B33DFD00B58FCB /* WeekChallenge.app */;
			productType = "com.apple.product-type.application";
		};
		E6584F6127B33E0000B58FCB /* WeekChallengeTests */ = {
			isa = PBXNativeTarget;
			buildConfigurationList = E6584F7927B33E0000B58FCB /* Build configuration list for PBXNativeTarget "WeekChallengeTests" */;
			buildPhases = (
				198222632E4D43948AB6F414 /* [CP] Check Pods Manifest.lock */,
				E6584F5E27B33E0000B58FCB /* Sources */,
				E6584F5F27B33E0000B58FCB /* Frameworks */,
				E6584F6027B33E0000B58FCB /* Resources */,
			);
			buildRules = (
			);
			dependencies = (
				E6584F6427B33E0000B58FCB /* PBXTargetDependency */,
			);
			name = WeekChallengeTests;
			productName = WeekChallengeTests;
			productReference = E6584F6227B33E0000B58FCB /* WeekChallengeTests.xctest */;
			productType = "com.apple.product-type.bundle.unit-test";
		};
		E6584F6B27B33E0000B58FCB /* WeekChallengeUITests */ = {
			isa = PBXNativeTarget;
			buildConfigurationList = E6584F7C27B33E0000B58FCB /* Build configuration list for PBXNativeTarget "WeekChallengeUITests" */;
			buildPhases = (
				BD3DF0346B0F190A72BD67F4 /* [CP] Check Pods Manifest.lock */,
				E6584F6827B33E0000B58FCB /* Sources */,
				E6584F6927B33E0000B58FCB /* Frameworks */,
				E6584F6A27B33E0000B58FCB /* Resources */,
				78829553F90AA32167997144 /* [CP] Embed Pods Frameworks */,
			);
			buildRules = (
			);
			dependencies = (
				E6584F6E27B33E0000B58FCB /* PBXTargetDependency */,
			);
			name = WeekChallengeUITests;
			productName = WeekChallengeUITests;
			productReference = E6584F6C27B33E0000B58FCB /* WeekChallengeUITests.xctest */;
			productType = "com.apple.product-type.bundle.ui-testing";
		};
/* End PBXNativeTarget section */

/* Begin PBXProject section */
		E6584F4427B33DFD00B58FCB /* Project object */ = {
			isa = PBXProject;
			attributes = {
				BuildIndependentTargetsInParallel = 1;
				LastSwiftUpdateCheck = 1320;
				LastUpgradeCheck = 1320;
				TargetAttributes = {
					E6584F4B27B33DFD00B58FCB = {
						CreatedOnToolsVersion = 13.2.1;
					};
					E6584F6127B33E0000B58FCB = {
						CreatedOnToolsVersion = 13.2.1;
						TestTargetID = E6584F4B27B33DFD00B58FCB;
					};
					E6584F6B27B33E0000B58FCB = {
						CreatedOnToolsVersion = 13.2.1;
						TestTargetID = E6584F4B27B33DFD00B58FCB;
					};
				};
			};
			buildConfigurationList = E6584F4727B33DFD00B58FCB /* Build configuration list for PBXProject "WeekChallenge" */;
			compatibilityVersion = "Xcode 13.0";
			developmentRegion = en;
			hasScannedForEncodings = 0;
			knownRegions = (
				en,
				Base,
			);
			mainGroup = E6584F4327B33DFD00B58FCB;
			productRefGroup = E6584F4D27B33DFD00B58FCB /* Products */;
			projectDirPath = "";
			projectRoot = "";
			targets = (
				E6584F4B27B33DFD00B58FCB /* WeekChallenge */,
				E6584F6127B33E0000B58FCB /* WeekChallengeTests */,
				E6584F6B27B33E0000B58FCB /* WeekChallengeUITests */,
			);
		};
/* End PBXProject section */

/* Begin PBXResourcesBuildPhase section */
		E6584F4A27B33DFD00B58FCB /* Resources */ = {
			isa = PBXResourcesBuildPhase;
			buildActionMask = 2147483647;
			files = (
				E6584F5C27B33DFF00B58FCB /* LaunchScreen.storyboard in Resources */,
				E6853F9D27B49B2A0091B4A7 /* GoogleService-Info.plist in Resources */,
				E6584F5927B33DFF00B58FCB /* Assets.xcassets in Resources */,
				E6584F5727B33DFD00B58FCB /* Main.storyboard in Resources */,
			);
			runOnlyForDeploymentPostprocessing = 0;
		};
		E6584F6027B33E0000B58FCB /* Resources */ = {
			isa = PBXResourcesBuildPhase;
			buildActionMask = 2147483647;
			files = (
			);
			runOnlyForDeploymentPostprocessing = 0;
		};
		E6584F6A27B33E0000B58FCB /* Resources */ = {
			isa = PBXResourcesBuildPhase;
			buildActionMask = 2147483647;
			files = (
			);
			runOnlyForDeploymentPostprocessing = 0;
		};
/* End PBXResourcesBuildPhase section */

/* Begin PBXShellScriptBuildPhase section */
		198222632E4D43948AB6F414 /* [CP] Check Pods Manifest.lock */ = {
			isa = PBXShellScriptBuildPhase;
			buildActionMask = 2147483647;
			files = (
			);
			inputFileListPaths = (
			);
			inputPaths = (
				"${PODS_PODFILE_DIR_PATH}/Podfile.lock",
				"${PODS_ROOT}/Manifest.lock",
			);
			name = "[CP] Check Pods Manifest.lock";
			outputFileListPaths = (
			);
			outputPaths = (
				"$(DERIVED_FILE_DIR)/Pods-WeekChallengeTests-checkManifestLockResult.txt",
			);
			runOnlyForDeploymentPostprocessing = 0;
			shellPath = /bin/sh;
			shellScript = "diff \"${PODS_PODFILE_DIR_PATH}/Podfile.lock\" \"${PODS_ROOT}/Manifest.lock\" > /dev/null\nif [ $? != 0 ] ; then\n    # print error to STDERR\n    echo \"error: The sandbox is not in sync with the Podfile.lock. Run 'pod install' or update your CocoaPods installation.\" >&2\n    exit 1\nfi\n# This output is used by Xcode 'outputs' to avoid re-running this script phase.\necho \"SUCCESS\" > \"${SCRIPT_OUTPUT_FILE_0}\"\n";
			showEnvVarsInLog = 0;
		};
		275C265018B0312A03206104 /* [CP] Embed Pods Frameworks */ = {
			isa = PBXShellScriptBuildPhase;
			buildActionMask = 2147483647;
			files = (
			);
			inputFileListPaths = (
				"${PODS_ROOT}/Target Support Files/Pods-WeekChallenge/Pods-WeekChallenge-frameworks-${CONFIGURATION}-input-files.xcfilelist",
			);
			name = "[CP] Embed Pods Frameworks";
			outputFileListPaths = (
				"${PODS_ROOT}/Target Support Files/Pods-WeekChallenge/Pods-WeekChallenge-frameworks-${CONFIGURATION}-output-files.xcfilelist",
			);
			runOnlyForDeploymentPostprocessing = 0;
			shellPath = /bin/sh;
			shellScript = "\"${PODS_ROOT}/Target Support Files/Pods-WeekChallenge/Pods-WeekChallenge-frameworks.sh\"\n";
			showEnvVarsInLog = 0;
		};
		78829553F90AA32167997144 /* [CP] Embed Pods Frameworks */ = {
			isa = PBXShellScriptBuildPhase;
			buildActionMask = 2147483647;
			files = (
			);
			inputFileListPaths = (
				"${PODS_ROOT}/Target Support Files/Pods-WeekChallenge-WeekChallengeUITests/Pods-WeekChallenge-WeekChallengeUITests-frameworks-${CONFIGURATION}-input-files.xcfilelist",
			);
			name = "[CP] Embed Pods Frameworks";
			outputFileListPaths = (
				"${PODS_ROOT}/Target Support Files/Pods-WeekChallenge-WeekChallengeUITests/Pods-WeekChallenge-WeekChallengeUITests-frameworks-${CONFIGURATION}-output-files.xcfilelist",
			);
			runOnlyForDeploymentPostprocessing = 0;
			shellPath = /bin/sh;
			shellScript = "\"${PODS_ROOT}/Target Support Files/Pods-WeekChallenge-WeekChallengeUITests/Pods-WeekChallenge-WeekChallengeUITests-frameworks.sh\"\n";
			showEnvVarsInLog = 0;
		};
		BD3DF0346B0F190A72BD67F4 /* [CP] Check Pods Manifest.lock */ = {
			isa = PBXShellScriptBuildPhase;
			buildActionMask = 2147483647;
			files = (
			);
			inputFileListPaths = (
			);
			inputPaths = (
				"${PODS_PODFILE_DIR_PATH}/Podfile.lock",
				"${PODS_ROOT}/Manifest.lock",
			);
			name = "[CP] Check Pods Manifest.lock";
			outputFileListPaths = (
			);
			outputPaths = (
				"$(DERIVED_FILE_DIR)/Pods-WeekChallenge-WeekChallengeUITests-checkManifestLockResult.txt",
			);
			runOnlyForDeploymentPostprocessing = 0;
			shellPath = /bin/sh;
			shellScript = "diff \"${PODS_PODFILE_DIR_PATH}/Podfile.lock\" \"${PODS_ROOT}/Manifest.lock\" > /dev/null\nif [ $? != 0 ] ; then\n    # print error to STDERR\n    echo \"error: The sandbox is not in sync with the Podfile.lock. Run 'pod install' or update your CocoaPods installation.\" >&2\n    exit 1\nfi\n# This output is used by Xcode 'outputs' to avoid re-running this script phase.\necho \"SUCCESS\" > \"${SCRIPT_OUTPUT_FILE_0}\"\n";
			showEnvVarsInLog = 0;
		};
		C970E62E002A1B0CB5C87FF0 /* [CP] Check Pods Manifest.lock */ = {
			isa = PBXShellScriptBuildPhase;
			buildActionMask = 2147483647;
			files = (
			);
			inputFileListPaths = (
			);
			inputPaths = (
				"${PODS_PODFILE_DIR_PATH}/Podfile.lock",
				"${PODS_ROOT}/Manifest.lock",
			);
			name = "[CP] Check Pods Manifest.lock";
			outputFileListPaths = (
			);
			outputPaths = (
				"$(DERIVED_FILE_DIR)/Pods-WeekChallenge-checkManifestLockResult.txt",
			);
			runOnlyForDeploymentPostprocessing = 0;
			shellPath = /bin/sh;
			shellScript = "diff \"${PODS_PODFILE_DIR_PATH}/Podfile.lock\" \"${PODS_ROOT}/Manifest.lock\" > /dev/null\nif [ $? != 0 ] ; then\n    # print error to STDERR\n    echo \"error: The sandbox is not in sync with the Podfile.lock. Run 'pod install' or update your CocoaPods installation.\" >&2\n    exit 1\nfi\n# This output is used by Xcode 'outputs' to avoid re-running this script phase.\necho \"SUCCESS\" > \"${SCRIPT_OUTPUT_FILE_0}\"\n";
			showEnvVarsInLog = 0;
		};
/* End PBXShellScriptBuildPhase section */

/* Begin PBXSourcesBuildPhase section */
		E6584F4827B33DFD00B58FCB /* Sources */ = {
			isa = PBXSourcesBuildPhase;
			buildActionMask = 2147483647;
			files = (
				E60DA3BA27D0B20D001DC914 /* SearchVC.swift in Sources */,
				84B88BFB27EF46B20075A697 /* TotalViewModel.swift in Sources */,
				E6D2C76B27ED960900CB9E0F /* HomeCell.swift in Sources */,
				84B88BF927EF45660075A697 /* TotalModel.swift in Sources */,
				E6584F8F27B3434F00B58FCB /* SignInVC.swift in Sources */,
				E601BE4127E0100000BFF7BD /* ProfileVC.swift in Sources */,
				849E908D27EDFAC200D870D7 /* PDetailViewModel.swift in Sources */,
				E6E0A50227E43F0C00718EA2 /* TotalVC.swift in Sources */,
				E6D2C77327EDAACF00CB9E0F /* RSCModel.swift in Sources */,
				E6D2C77B27F1899900CB9E0F /* SettingViewModel.swift in Sources */,
				E6D2C77727F16A6D00CB9E0F /* SettingVC.swift in Sources */,
				E6A0086527C60CB600AB8D2D /* WriteVC.swift in Sources */,
				849E908927EDF83800D870D7 /* PlanViewModel.swift in Sources */,
				E6584F8B27B341A400B58FCB /* LoginVC.swift in Sources */,
				E6D2C72427EAAAFE00CB9E0F /* DataService.swift in Sources */,
				849E908727EDF80500D870D7 /* PlanModel.swift in Sources */,
				E6D2C76227ED88AB00CB9E0F /* DataModel.swift in Sources */,
				E661441227B386C50000CEA7 /* AuthService.swift in Sources */,
				E6E0A4F927E2C83E00718EA2 /* PlanDetailVC.swift in Sources */,
				E6C734F327DB046300A0CC4B /* RunningVC.swift in Sources */,
				E6D2C74C27EC315A00CB9E0F /* SearchCell.swift in Sources */,
				E6D2C76F27ED98C400CB9E0F /* UserViewModel.swift in Sources */,
				E6D2C75627EC463C00CB9E0F /* ManageListVC.swift in Sources */,
				E6C734EC27DACE7F00A0CC4B /* CreateVC.swift in Sources */,
				E6853F9F27B4A26E0091B4A7 /* MainVC.swift in Sources */,
				E601BE3D27DB208900BFF7BD /* HomeProfile.swift in Sources */,
				E6584F5027B33DFD00B58FCB /* AppDelegate.swift in Sources */,
				E6D2C76827ED8AE500CB9E0F /* CountViewModel.swift in Sources */,
				E6D2C73427EBEC9700CB9E0F /* ContributeView.swift in Sources */,
				E601BE4727E0104400BFF7BD /* RemoveVC.swift in Sources */,
				E6D2C72227EA9FD400CB9E0F /* LayoutService.swift in Sources */,
				E60DA3C027D988C2001DC914 /* HomeVC.swift in Sources */,
				E6584F5227B33DFD00B58FCB /* SceneDelegate.swift in Sources */,
				E601BE4527E0103900BFF7BD /* LogOutVC.swift in Sources */,
				E6E0A4FB27E2C92D00718EA2 /* PlanVCCell.swift in Sources */,
				E6D2C77E27F189D300CB9E0F /* SettingCell.swift in Sources */,
				E6C734F527DB046F00A0CC4B /* CompleteVC.swift in Sources */,
				E6D2C77927F1897800CB9E0F /* SettingModel.swift in Sources */,
				E6D2C74E27EC31CE00CB9E0F /* TotalCell.swift in Sources */,
				E6E0A4F427E1B81E00718EA2 /* PlanVC.swift in Sources */,
				E6D2C76427ED88C300CB9E0F /* DataViewModel.swift in Sources */,
				E6E0A4FD27E2CB9600718EA2 /* AnimationController.swift in Sources */,
				E6D2C75A27EC492900CB9E0F /* ManageViewModel.swift in Sources */,
				E6E0A50027E426C300718EA2 /* Dummy.swift in Sources */,
				E6D2C76627ED8AA600CB9E0F /* CountModel.swift in Sources */,
				849E908B27EDFA8300D870D7 /* PDetailModel.swift in Sources */,
				E6D2C77127EDA40900CB9E0F /* RCSViewModel.swift in Sources */,
				E601BE4A27E02A1C00BFF7BD /* ChangeUserNameVC.swift in Sources */,
				E60DA3BC27D1FFAF001DC914 /* ConnectService.swift in Sources */,
				E66495A427BC97B8000110C9 /* ChangePWD.swift in Sources */,
				E601BE4327E0102000BFF7BD /* AccountVC.swift in Sources */,
				E6D2C75827EC48EE00CB9E0F /* ManageModel.swift in Sources */,
				E667FCB827BA1841009AEFE0 /* AlertService.swift in Sources */,
				E6D2C74227EC27C900CB9E0F /* PlanDeatilVCCell.swift in Sources */,
				E6D2C76D27ED987A00CB9E0F /* UserModel.swift in Sources */,
				E60DA3C227D9CA34001DC914 /* SelectCalendarVC.swift in Sources */,
			);
			runOnlyForDeploymentPostprocessing = 0;
		};
		E6584F5E27B33E0000B58FCB /* Sources */ = {
			isa = PBXSourcesBuildPhase;
			buildActionMask = 2147483647;
			files = (
				E6584F6727B33E0000B58FCB /* WeekChallengeTests.swift in Sources */,
			);
			runOnlyForDeploymentPostprocessing = 0;
		};
		E6584F6827B33E0000B58FCB /* Sources */ = {
			isa = PBXSourcesBuildPhase;
			buildActionMask = 2147483647;
			files = (
				E6584F7327B33E0000B58FCB /* WeekChallengeUITestsLaunchTests.swift in Sources */,
				E6584F7127B33E0000B58FCB /* WeekChallengeUITests.swift in Sources */,
			);
			runOnlyForDeploymentPostprocessing = 0;
		};
/* End PBXSourcesBuildPhase section */

/* Begin PBXTargetDependency section */
		E6584F6427B33E0000B58FCB /* PBXTargetDependency */ = {
			isa = PBXTargetDependency;
			target = E6584F4B27B33DFD00B58FCB /* WeekChallenge */;
			targetProxy = E6584F6327B33E0000B58FCB /* PBXContainerItemProxy */;
		};
		E6584F6E27B33E0000B58FCB /* PBXTargetDependency */ = {
			isa = PBXTargetDependency;
			target = E6584F4B27B33DFD00B58FCB /* WeekChallenge */;
			targetProxy = E6584F6D27B33E0000B58FCB /* PBXContainerItemProxy */;
		};
/* End PBXTargetDependency section */

/* Begin PBXVariantGroup section */
		E6584F5527B33DFD00B58FCB /* Main.storyboard */ = {
			isa = PBXVariantGroup;
			children = (
				E6584F5627B33DFD00B58FCB /* Base */,
			);
			name = Main.storyboard;
			sourceTree = "<group>";
		};
		E6584F5A27B33DFF00B58FCB /* LaunchScreen.storyboard */ = {
			isa = PBXVariantGroup;
			children = (
				E6584F5B27B33DFF00B58FCB /* Base */,
			);
			name = LaunchScreen.storyboard;
			sourceTree = "<group>";
		};
/* End PBXVariantGroup section */

/* Begin XCBuildConfiguration section */
		E6584F7427B33E0000B58FCB /* Debug */ = {
			isa = XCBuildConfiguration;
			buildSettings = {
				ALWAYS_SEARCH_USER_PATHS = NO;
				CLANG_ANALYZER_NONNULL = YES;
				CLANG_ANALYZER_NUMBER_OBJECT_CONVERSION = YES_AGGRESSIVE;
				CLANG_CXX_LANGUAGE_STANDARD = "gnu++17";
				CLANG_CXX_LIBRARY = "libc++";
				CLANG_ENABLE_MODULES = YES;
				CLANG_ENABLE_OBJC_ARC = YES;
				CLANG_ENABLE_OBJC_WEAK = YES;
				CLANG_WARN_BLOCK_CAPTURE_AUTORELEASING = YES;
				CLANG_WARN_BOOL_CONVERSION = YES;
				CLANG_WARN_COMMA = YES;
				CLANG_WARN_CONSTANT_CONVERSION = YES;
				CLANG_WARN_DEPRECATED_OBJC_IMPLEMENTATIONS = YES;
				CLANG_WARN_DIRECT_OBJC_ISA_USAGE = YES_ERROR;
				CLANG_WARN_DOCUMENTATION_COMMENTS = YES;
				CLANG_WARN_EMPTY_BODY = YES;
				CLANG_WARN_ENUM_CONVERSION = YES;
				CLANG_WARN_INFINITE_RECURSION = YES;
				CLANG_WARN_INT_CONVERSION = YES;
				CLANG_WARN_NON_LITERAL_NULL_CONVERSION = YES;
				CLANG_WARN_OBJC_IMPLICIT_RETAIN_SELF = YES;
				CLANG_WARN_OBJC_LITERAL_CONVERSION = YES;
				CLANG_WARN_OBJC_ROOT_CLASS = YES_ERROR;
				CLANG_WARN_QUOTED_INCLUDE_IN_FRAMEWORK_HEADER = YES;
				CLANG_WARN_RANGE_LOOP_ANALYSIS = YES;
				CLANG_WARN_STRICT_PROTOTYPES = YES;
				CLANG_WARN_SUSPICIOUS_MOVE = YES;
				CLANG_WARN_UNGUARDED_AVAILABILITY = YES_AGGRESSIVE;
				CLANG_WARN_UNREACHABLE_CODE = YES;
				CLANG_WARN__DUPLICATE_METHOD_MATCH = YES;
				COPY_PHASE_STRIP = NO;
				DEBUG_INFORMATION_FORMAT = dwarf;
				ENABLE_STRICT_OBJC_MSGSEND = YES;
				ENABLE_TESTABILITY = YES;
				GCC_C_LANGUAGE_STANDARD = gnu11;
				GCC_DYNAMIC_NO_PIC = NO;
				GCC_NO_COMMON_BLOCKS = YES;
				GCC_OPTIMIZATION_LEVEL = 0;
				GCC_PREPROCESSOR_DEFINITIONS = (
					"DEBUG=1",
					"$(inherited)",
				);
				GCC_WARN_64_TO_32_BIT_CONVERSION = YES;
				GCC_WARN_ABOUT_RETURN_TYPE = YES_ERROR;
				GCC_WARN_UNDECLARED_SELECTOR = YES;
				GCC_WARN_UNINITIALIZED_AUTOS = YES_AGGRESSIVE;
				GCC_WARN_UNUSED_FUNCTION = YES;
				GCC_WARN_UNUSED_VARIABLE = YES;
				IPHONEOS_DEPLOYMENT_TARGET = 15.2;
				MTL_ENABLE_DEBUG_INFO = INCLUDE_SOURCE;
				MTL_FAST_MATH = YES;
				ONLY_ACTIVE_ARCH = YES;
				SDKROOT = iphoneos;
				SWIFT_ACTIVE_COMPILATION_CONDITIONS = DEBUG;
				SWIFT_OPTIMIZATION_LEVEL = "-Onone";
			};
			name = Debug;
		};
		E6584F7527B33E0000B58FCB /* Release */ = {
			isa = XCBuildConfiguration;
			buildSettings = {
				ALWAYS_SEARCH_USER_PATHS = NO;
				CLANG_ANALYZER_NONNULL = YES;
				CLANG_ANALYZER_NUMBER_OBJECT_CONVERSION = YES_AGGRESSIVE;
				CLANG_CXX_LANGUAGE_STANDARD = "gnu++17";
				CLANG_CXX_LIBRARY = "libc++";
				CLANG_ENABLE_MODULES = YES;
				CLANG_ENABLE_OBJC_ARC = YES;
				CLANG_ENABLE_OBJC_WEAK = YES;
				CLANG_WARN_BLOCK_CAPTURE_AUTORELEASING = YES;
				CLANG_WARN_BOOL_CONVERSION = YES;
				CLANG_WARN_COMMA = YES;
				CLANG_WARN_CONSTANT_CONVERSION = YES;
				CLANG_WARN_DEPRECATED_OBJC_IMPLEMENTATIONS = YES;
				CLANG_WARN_DIRECT_OBJC_ISA_USAGE = YES_ERROR;
				CLANG_WARN_DOCUMENTATION_COMMENTS = YES;
				CLANG_WARN_EMPTY_BODY = YES;
				CLANG_WARN_ENUM_CONVERSION = YES;
				CLANG_WARN_INFINITE_RECURSION = YES;
				CLANG_WARN_INT_CONVERSION = YES;
				CLANG_WARN_NON_LITERAL_NULL_CONVERSION = YES;
				CLANG_WARN_OBJC_IMPLICIT_RETAIN_SELF = YES;
				CLANG_WARN_OBJC_LITERAL_CONVERSION = YES;
				CLANG_WARN_OBJC_ROOT_CLASS = YES_ERROR;
				CLANG_WARN_QUOTED_INCLUDE_IN_FRAMEWORK_HEADER = YES;
				CLANG_WARN_RANGE_LOOP_ANALYSIS = YES;
				CLANG_WARN_STRICT_PROTOTYPES = YES;
				CLANG_WARN_SUSPICIOUS_MOVE = YES;
				CLANG_WARN_UNGUARDED_AVAILABILITY = YES_AGGRESSIVE;
				CLANG_WARN_UNREACHABLE_CODE = YES;
				CLANG_WARN__DUPLICATE_METHOD_MATCH = YES;
				COPY_PHASE_STRIP = NO;
				DEBUG_INFORMATION_FORMAT = "dwarf-with-dsym";
				ENABLE_NS_ASSERTIONS = NO;
				ENABLE_STRICT_OBJC_MSGSEND = YES;
				GCC_C_LANGUAGE_STANDARD = gnu11;
				GCC_NO_COMMON_BLOCKS = YES;
				GCC_WARN_64_TO_32_BIT_CONVERSION = YES;
				GCC_WARN_ABOUT_RETURN_TYPE = YES_ERROR;
				GCC_WARN_UNDECLARED_SELECTOR = YES;
				GCC_WARN_UNINITIALIZED_AUTOS = YES_AGGRESSIVE;
				GCC_WARN_UNUSED_FUNCTION = YES;
				GCC_WARN_UNUSED_VARIABLE = YES;
				IPHONEOS_DEPLOYMENT_TARGET = 15.2;
				MTL_ENABLE_DEBUG_INFO = NO;
				MTL_FAST_MATH = YES;
				SDKROOT = iphoneos;
				SWIFT_COMPILATION_MODE = wholemodule;
				SWIFT_OPTIMIZATION_LEVEL = "-O";
				VALIDATE_PRODUCT = YES;
			};
			name = Release;
		};
		E6584F7727B33E0000B58FCB /* Debug */ = {
			isa = XCBuildConfiguration;
			baseConfigurationReference = 0DFABF07FBA13EB31626F076 /* Pods-WeekChallenge.debug.xcconfig */;
			buildSettings = {
				ASSETCATALOG_COMPILER_APPICON_NAME = AppIcon;
				ASSETCATALOG_COMPILER_GLOBAL_ACCENT_COLOR_NAME = AccentColor;
				CODE_SIGN_STYLE = Automatic;
				CURRENT_PROJECT_VERSION = 1;
				DEVELOPMENT_TEAM = RMKL9668HQ;
				GENERATE_INFOPLIST_FILE = YES;
				INFOPLIST_FILE = WeekChallenge/Info.plist;
				INFOPLIST_KEY_CFBundleDisplayName = "5일플래너";
				INFOPLIST_KEY_NSCameraUsageDescription = "카메라 권한 허용";
				INFOPLIST_KEY_NSPhotoLibraryUsageDescription = "갤러리 권한 허용";
				INFOPLIST_KEY_UIApplicationSupportsIndirectInputEvents = YES;
				INFOPLIST_KEY_UILaunchStoryboardName = LaunchScreen;
				INFOPLIST_KEY_UIMainStoryboardFile = Main;
				INFOPLIST_KEY_UISupportedInterfaceOrientations_iPad = "UIInterfaceOrientationPortrait UIInterfaceOrientationPortraitUpsideDown UIInterfaceOrientationLandscapeLeft UIInterfaceOrientationLandscapeRight";
				INFOPLIST_KEY_UISupportedInterfaceOrientations_iPhone = "UIInterfaceOrientationPortrait UIInterfaceOrientationLandscapeLeft UIInterfaceOrientationLandscapeRight";
				LD_RUNPATH_SEARCH_PATHS = (
					"$(inherited)",
					"@executable_path/Frameworks",
				);
				MARKETING_VERSION = 1.0;
				PRODUCT_BUNDLE_IDENTIFIER = "shoh-gmail.com.WeekChallenge";
				PRODUCT_NAME = "$(TARGET_NAME)";
				SWIFT_EMIT_LOC_STRINGS = YES;
				SWIFT_VERSION = 5.0;
				TARGETED_DEVICE_FAMILY = 1;
			};
			name = Debug;
		};
		E6584F7827B33E0000B58FCB /* Release */ = {
			isa = XCBuildConfiguration;
			baseConfigurationReference = 75B8F4125546486967388888 /* Pods-WeekChallenge.release.xcconfig */;
			buildSettings = {
				ASSETCATALOG_COMPILER_APPICON_NAME = AppIcon;
				ASSETCATALOG_COMPILER_GLOBAL_ACCENT_COLOR_NAME = AccentColor;
				CODE_SIGN_STYLE = Automatic;
				CURRENT_PROJECT_VERSION = 1;
				DEVELOPMENT_TEAM = RMKL9668HQ;
				GENERATE_INFOPLIST_FILE = YES;
				INFOPLIST_FILE = WeekChallenge/Info.plist;
				INFOPLIST_KEY_CFBundleDisplayName = "5일플래너";
				INFOPLIST_KEY_NSCameraUsageDescription = "카메라 권한 허용";
				INFOPLIST_KEY_NSPhotoLibraryUsageDescription = "갤러리 권한 허용";
				INFOPLIST_KEY_UIApplicationSupportsIndirectInputEvents = YES;
				INFOPLIST_KEY_UILaunchStoryboardName = LaunchScreen;
				INFOPLIST_KEY_UIMainStoryboardFile = Main;
				INFOPLIST_KEY_UISupportedInterfaceOrientations_iPad = "UIInterfaceOrientationPortrait UIInterfaceOrientationPortraitUpsideDown UIInterfaceOrientationLandscapeLeft UIInterfaceOrientationLandscapeRight";
				INFOPLIST_KEY_UISupportedInterfaceOrientations_iPhone = "UIInterfaceOrientationPortrait UIInterfaceOrientationLandscapeLeft UIInterfaceOrientationLandscapeRight";
				LD_RUNPATH_SEARCH_PATHS = (
					"$(inherited)",
					"@executable_path/Frameworks",
				);
				MARKETING_VERSION = 1.0;
				PRODUCT_BUNDLE_IDENTIFIER = "shoh-gmail.com.WeekChallenge";
				PRODUCT_NAME = "$(TARGET_NAME)";
				SWIFT_EMIT_LOC_STRINGS = YES;
				SWIFT_VERSION = 5.0;
				TARGETED_DEVICE_FAMILY = 1;
			};
			name = Release;
		};
		E6584F7A27B33E0000B58FCB /* Debug */ = {
			isa = XCBuildConfiguration;
			baseConfigurationReference = 14B12AC2C8F5BDCD4F890832 /* Pods-WeekChallengeTests.debug.xcconfig */;
			buildSettings = {
				ALWAYS_EMBED_SWIFT_STANDARD_LIBRARIES = YES;
				BUNDLE_LOADER = "$(TEST_HOST)";
				CODE_SIGN_STYLE = Automatic;
				CURRENT_PROJECT_VERSION = 1;
				DEVELOPMENT_TEAM = RMKL9668HQ;
				GENERATE_INFOPLIST_FILE = YES;
				IPHONEOS_DEPLOYMENT_TARGET = 15.2;
				MARKETING_VERSION = 1.0;
				PRODUCT_BUNDLE_IDENTIFIER = "shoh-gmail.com.WeekChallengeTests";
				PRODUCT_NAME = "$(TARGET_NAME)";
				SWIFT_EMIT_LOC_STRINGS = NO;
				SWIFT_VERSION = 5.0;
				TARGETED_DEVICE_FAMILY = "1,2";
				TEST_HOST = "$(BUILT_PRODUCTS_DIR)/WeekChallenge.app/WeekChallenge";
			};
			name = Debug;
		};
		E6584F7B27B33E0000B58FCB /* Release */ = {
			isa = XCBuildConfiguration;
			baseConfigurationReference = CC1139D3E189C2F9B204B04B /* Pods-WeekChallengeTests.release.xcconfig */;
			buildSettings = {
				ALWAYS_EMBED_SWIFT_STANDARD_LIBRARIES = YES;
				BUNDLE_LOADER = "$(TEST_HOST)";
				CODE_SIGN_STYLE = Automatic;
				CURRENT_PROJECT_VERSION = 1;
				DEVELOPMENT_TEAM = RMKL9668HQ;
				GENERATE_INFOPLIST_FILE = YES;
				IPHONEOS_DEPLOYMENT_TARGET = 15.2;
				MARKETING_VERSION = 1.0;
				PRODUCT_BUNDLE_IDENTIFIER = "shoh-gmail.com.WeekChallengeTests";
				PRODUCT_NAME = "$(TARGET_NAME)";
				SWIFT_EMIT_LOC_STRINGS = NO;
				SWIFT_VERSION = 5.0;
				TARGETED_DEVICE_FAMILY = "1,2";
				TEST_HOST = "$(BUILT_PRODUCTS_DIR)/WeekChallenge.app/WeekChallenge";
			};
			name = Release;
		};
		E6584F7D27B33E0000B58FCB /* Debug */ = {
			isa = XCBuildConfiguration;
			baseConfigurationReference = 12257E83CA1EACD906B0C232 /* Pods-WeekChallenge-WeekChallengeUITests.debug.xcconfig */;
			buildSettings = {
				ALWAYS_EMBED_SWIFT_STANDARD_LIBRARIES = YES;
				CODE_SIGN_STYLE = Automatic;
				CURRENT_PROJECT_VERSION = 1;
				DEVELOPMENT_TEAM = RMKL9668HQ;
				GENERATE_INFOPLIST_FILE = YES;
				MARKETING_VERSION = 1.0;
				PRODUCT_BUNDLE_IDENTIFIER = "shoh-gmail.com.WeekChallengeUITests";
				PRODUCT_NAME = "$(TARGET_NAME)";
				SWIFT_EMIT_LOC_STRINGS = NO;
				SWIFT_VERSION = 5.0;
				TARGETED_DEVICE_FAMILY = "1,2";
				TEST_TARGET_NAME = WeekChallenge;
			};
			name = Debug;
		};
		E6584F7E27B33E0000B58FCB /* Release */ = {
			isa = XCBuildConfiguration;
			baseConfigurationReference = 14B85DD4B1DDEC29EA62A758 /* Pods-WeekChallenge-WeekChallengeUITests.release.xcconfig */;
			buildSettings = {
				ALWAYS_EMBED_SWIFT_STANDARD_LIBRARIES = YES;
				CODE_SIGN_STYLE = Automatic;
				CURRENT_PROJECT_VERSION = 1;
				DEVELOPMENT_TEAM = RMKL9668HQ;
				GENERATE_INFOPLIST_FILE = YES;
				MARKETING_VERSION = 1.0;
				PRODUCT_BUNDLE_IDENTIFIER = "shoh-gmail.com.WeekChallengeUITests";
				PRODUCT_NAME = "$(TARGET_NAME)";
				SWIFT_EMIT_LOC_STRINGS = NO;
				SWIFT_VERSION = 5.0;
				TARGETED_DEVICE_FAMILY = "1,2";
				TEST_TARGET_NAME = WeekChallenge;
			};
			name = Release;
		};
/* End XCBuildConfiguration section */

/* Begin XCConfigurationList section */
		E6584F4727B33DFD00B58FCB /* Build configuration list for PBXProject "WeekChallenge" */ = {
			isa = XCConfigurationList;
			buildConfigurations = (
				E6584F7427B33E0000B58FCB /* Debug */,
				E6584F7527B33E0000B58FCB /* Release */,
			);
			defaultConfigurationIsVisible = 0;
			defaultConfigurationName = Release;
		};
		E6584F7627B33E0000B58FCB /* Build configuration list for PBXNativeTarget "WeekChallenge" */ = {
			isa = XCConfigurationList;
			buildConfigurations = (
				E6584F7727B33E0000B58FCB /* Debug */,
				E6584F7827B33E0000B58FCB /* Release */,
			);
			defaultConfigurationIsVisible = 0;
			defaultConfigurationName = Release;
		};
		E6584F7927B33E0000B58FCB /* Build configuration list for PBXNativeTarget "WeekChallengeTests" */ = {
			isa = XCConfigurationList;
			buildConfigurations = (
				E6584F7A27B33E0000B58FCB /* Debug */,
				E6584F7B27B33E0000B58FCB /* Release */,
			);
			defaultConfigurationIsVisible = 0;
			defaultConfigurationName = Release;
		};
		E6584F7C27B33E0000B58FCB /* Build configuration list for PBXNativeTarget "WeekChallengeUITests" */ = {
			isa = XCConfigurationList;
			buildConfigurations = (
				E6584F7D27B33E0000B58FCB /* Debug */,
				E6584F7E27B33E0000B58FCB /* Release */,
			);
			defaultConfigurationIsVisible = 0;
			defaultConfigurationName = Release;
		};
/* End XCConfigurationList section */
	};
	rootObject = E6584F4427B33DFD00B58FCB /* Project object */;
}
